// !$*UTF8*$!
{
	archiveVersion = 1;
	classes = {
	};
	objectVersion = 48;
	objects = {

/* Begin PBXBuildFile section */
		2F1ED1CF20C151B200B0BD2D /* TableViewCell.swift in Sources */ = {isa = PBXBuildFile; fileRef = 2F1ED1CE20C151B200B0BD2D /* TableViewCell.swift */; };
		2F29B7E120CA68D00031E5A2 /* DateTime+Extensions.swift in Sources */ = {isa = PBXBuildFile; fileRef = 2F29B7E020CA68D00031E5A2 /* DateTime+Extensions.swift */; };
		2F8D4FF320C0F66800F03EA5 /* AppDelegate.swift in Sources */ = {isa = PBXBuildFile; fileRef = 2F8D4FF220C0F66800F03EA5 /* AppDelegate.swift */; };
		2F8D4FF520C0F66800F03EA5 /* ViewController.swift in Sources */ = {isa = PBXBuildFile; fileRef = 2F8D4FF420C0F66800F03EA5 /* ViewController.swift */; };
		2F8D4FF820C0F66800F03EA5 /* Main.storyboard in Resources */ = {isa = PBXBuildFile; fileRef = 2F8D4FF620C0F66800F03EA5 /* Main.storyboard */; };
		2F8D4FFA20C0F66800F03EA5 /* Assets.xcassets in Resources */ = {isa = PBXBuildFile; fileRef = 2F8D4FF920C0F66800F03EA5 /* Assets.xcassets */; };
		2F8D4FFD20C0F66800F03EA5 /* LaunchScreen.storyboard in Resources */ = {isa = PBXBuildFile; fileRef = 2F8D4FFB20C0F66800F03EA5 /* LaunchScreen.storyboard */; };
		2F8D500520C0F6CF00F03EA5 /* DataService.swift in Sources */ = {isa = PBXBuildFile; fileRef = 2F8D500420C0F6CF00F03EA5 /* DataService.swift */; };
		2F8D500720C1000E00F03EA5 /* Forecastday.swift in Sources */ = {isa = PBXBuildFile; fileRef = 2F8D500620C1000E00F03EA5 /* Forecastday.swift */; };
		2F8D500B20C1045E00F03EA5 /* Weather.swift in Sources */ = {isa = PBXBuildFile; fileRef = 2F8D500A20C1045E00F03EA5 /* Weather.swift */; };
		2FD5BA4220C921EE0010591F /* CollectionViewCell.swift in Sources */ = {isa = PBXBuildFile; fileRef = 2FD5BA4120C921EE0010591F /* CollectionViewCell.swift */; };
		2FD5BA6D20C931F30010591F /* ViewController+CollectionView.swift in Sources */ = {isa = PBXBuildFile; fileRef = 2FD5BA6C20C931F30010591F /* ViewController+CollectionView.swift */; };
		2FD5BA6F20C931FE0010591F /* ViewController+TableView.swift in Sources */ = {isa = PBXBuildFile; fileRef = 2FD5BA6E20C931FE0010591F /* ViewController+TableView.swift */; };
		2FD5BA7220C932230010591F /* UIImageView+Extentions.swift in Sources */ = {isa = PBXBuildFile; fileRef = 2FD5BA7120C932230010591F /* UIImageView+Extentions.swift */; };
		2FD5BA7420C93A520010591F /* Hour.swift in Sources */ = {isa = PBXBuildFile; fileRef = 2FD5BA7320C93A520010591F /* Hour.swift */; };
/* End PBXBuildFile section */

/* Begin PBXFileReference section */
		2F1ED1CE20C151B200B0BD2D /* TableViewCell.swift */ = {isa = PBXFileReference; lastKnownFileType = sourcecode.swift; path = TableViewCell.swift; sourceTree = "<group>"; };
		2F29B7E020CA68D00031E5A2 /* DateTime+Extensions.swift */ = {isa = PBXFileReference; lastKnownFileType = sourcecode.swift; path = "DateTime+Extensions.swift"; sourceTree = "<group>"; };
		2F8D4FEF20C0F66800F03EA5 /* AppWeather.app */ = {isa = PBXFileReference; explicitFileType = wrapper.application; includeInIndex = 0; path = AppWeather.app; sourceTree = BUILT_PRODUCTS_DIR; };
		2F8D4FF220C0F66800F03EA5 /* AppDelegate.swift */ = {isa = PBXFileReference; lastKnownFileType = sourcecode.swift; path = AppDelegate.swift; sourceTree = "<group>"; };
		2F8D4FF420C0F66800F03EA5 /* ViewController.swift */ = {isa = PBXFileReference; lastKnownFileType = sourcecode.swift; path = ViewController.swift; sourceTree = "<group>"; };
		2F8D4FF720C0F66800F03EA5 /* Base */ = {isa = PBXFileReference; lastKnownFileType = file.storyboard; name = Base; path = Base.lproj/Main.storyboard; sourceTree = "<group>"; };
		2F8D4FF920C0F66800F03EA5 /* Assets.xcassets */ = {isa = PBXFileReference; lastKnownFileType = folder.assetcatalog; path = Assets.xcassets; sourceTree = "<group>"; };
		2F8D4FFC20C0F66800F03EA5 /* Base */ = {isa = PBXFileReference; lastKnownFileType = file.storyboard; name = Base; path = Base.lproj/LaunchScreen.storyboard; sourceTree = "<group>"; };
		2F8D4FFE20C0F66800F03EA5 /* Info.plist */ = {isa = PBXFileReference; lastKnownFileType = text.plist.xml; path = Info.plist; sourceTree = "<group>"; };
		2F8D500420C0F6CF00F03EA5 /* DataService.swift */ = {isa = PBXFileReference; lastKnownFileType = sourcecode.swift; path = DataService.swift; sourceTree = "<group>"; };
		2F8D500620C1000E00F03EA5 /* Forecastday.swift */ = {isa = PBXFileReference; lastKnownFileType = sourcecode.swift; path = Forecastday.swift; sourceTree = "<group>"; };
		2F8D500A20C1045E00F03EA5 /* Weather.swift */ = {isa = PBXFileReference; lastKnownFileType = sourcecode.swift; path = Weather.swift; sourceTree = "<group>"; };
		2FD5BA4120C921EE0010591F /* CollectionViewCell.swift */ = {isa = PBXFileReference; lastKnownFileType = sourcecode.swift; path = CollectionViewCell.swift; sourceTree = "<group>"; };
		2FD5BA6C20C931F30010591F /* ViewController+CollectionView.swift */ = {isa = PBXFileReference; lastKnownFileType = sourcecode.swift; path = "ViewController+CollectionView.swift"; sourceTree = "<group>"; };
		2FD5BA6E20C931FE0010591F /* ViewController+TableView.swift */ = {isa = PBXFileReference; lastKnownFileType = sourcecode.swift; path = "ViewController+TableView.swift"; sourceTree = "<group>"; };
		2FD5BA7120C932230010591F /* UIImageView+Extentions.swift */ = {isa = PBXFileReference; lastKnownFileType = sourcecode.swift; path = "UIImageView+Extentions.swift"; sourceTree = "<group>"; };
		2FD5BA7320C93A520010591F /* Hour.swift */ = {isa = PBXFileReference; lastKnownFileType = sourcecode.swift; path = Hour.swift; sourceTree = "<group>"; };
/* End PBXFileReference section */

/* Begin PBXFrameworksBuildPhase section */
		2F8D4FEC20C0F66800F03EA5 /* Frameworks */ = {
			isa = PBXFrameworksBuildPhase;
			buildActionMask = 2147483647;
			files = (
			);
			runOnlyForDeploymentPostprocessing = 0;
		};
/* End PBXFrameworksBuildPhase section */

/* Begin PBXGroup section */
		2F8D4FE620C0F66800F03EA5 = {
			isa = PBXGroup;
			children = (
				2F8D4FF120C0F66800F03EA5 /* AppWeather */,
				2F8D4FF020C0F66800F03EA5 /* Products */,
			);
			sourceTree = "<group>";
		};
		2F8D4FF020C0F66800F03EA5 /* Products */ = {
			isa = PBXGroup;
			children = (
				2F8D4FEF20C0F66800F03EA5 /* AppWeather.app */,
			);
			name = Products;
			sourceTree = "<group>";
		};
		2F8D4FF120C0F66800F03EA5 /* AppWeather */ = {
			isa = PBXGroup;
			children = (
				2F8D4FF220C0F66800F03EA5 /* AppDelegate.swift */,
				2FD5BA4520C922F60010591F /* View */,
				2F8D500920C1002700F03EA5 /* Controller */,
				2F8D500820C1001500F03EA5 /* Model */,
				2FD5BA7020C9320E0010591F /* Utilities */,
				2F8D4FF620C0F66800F03EA5 /* Main.storyboard */,
				2F8D4FF920C0F66800F03EA5 /* Assets.xcassets */,
				2F8D4FFB20C0F66800F03EA5 /* LaunchScreen.storyboard */,
				2F8D4FFE20C0F66800F03EA5 /* Info.plist */,
			);
			path = AppWeather;
			sourceTree = "<group>";
		};
		2F8D500820C1001500F03EA5 /* Model */ = {
			isa = PBXGroup;
			children = (
				2F8D500A20C1045E00F03EA5 /* Weather.swift */,
				2F8D500620C1000E00F03EA5 /* Forecastday.swift */,
				2F8D500420C0F6CF00F03EA5 /* DataService.swift */,
				2FD5BA7320C93A520010591F /* Hour.swift */,
			);
			path = Model;
			sourceTree = "<group>";
		};
		2F8D500920C1002700F03EA5 /* Controller */ = {
			isa = PBXGroup;
			children = (
				2F8D4FF420C0F66800F03EA5 /* ViewController.swift */,
				2FD5BA6C20C931F30010591F /* ViewController+CollectionView.swift */,
				2FD5BA6E20C931FE0010591F /* ViewController+TableView.swift */,
			);
			path = Controller;
			sourceTree = "<group>";
		};
		2FD5BA4520C922F60010591F /* View */ = {
			isa = PBXGroup;
			children = (
				2F1ED1CE20C151B200B0BD2D /* TableViewCell.swift */,
				2FD5BA4120C921EE0010591F /* CollectionViewCell.swift */,
			);
			path = View;
			sourceTree = "<group>";
		};
		2FD5BA7020C9320E0010591F /* Utilities */ = {
			isa = PBXGroup;
			children = (
				2FD5BA7120C932230010591F /* UIImageView+Extentions.swift */,
				2F29B7E020CA68D00031E5A2 /* DateTime+Extensions.swift */,
			);
			path = Utilities;
			sourceTree = "<group>";
		};
/* End PBXGroup section */

/* Begin PBXNativeTarget section */
		2F8D4FEE20C0F66800F03EA5 /* AppWeather */ = {
			isa = PBXNativeTarget;
			buildConfigurationList = 2F8D500120C0F66800F03EA5 /* Build configuration list for PBXNativeTarget "AppWeather" */;
			buildPhases = (
				2F8D4FEB20C0F66800F03EA5 /* Sources */,
				2F8D4FEC20C0F66800F03EA5 /* Frameworks */,
				2F8D4FED20C0F66800F03EA5 /* Resources */,
			);
			buildRules = (
			);
			dependencies = (
			);
			name = AppWeather;
			productName = AppWeather;
			productReference = 2F8D4FEF20C0F66800F03EA5 /* AppWeather.app */;
			productType = "com.apple.product-type.application";
		};
/* End PBXNativeTarget section */

/* Begin PBXProject section */
		2F8D4FE720C0F66800F03EA5 /* Project object */ = {
			isa = PBXProject;
			attributes = {
				LastSwiftUpdateCheck = 0920;
				LastUpgradeCheck = 0920;
				ORGANIZATIONNAME = "Ngọc Anh";
				TargetAttributes = {
					2F8D4FEE20C0F66800F03EA5 = {
						CreatedOnToolsVersion = 9.2;
						ProvisioningStyle = Automatic;
					};
				};
			};
			buildConfigurationList = 2F8D4FEA20C0F66800F03EA5 /* Build configuration list for PBXProject "AppWeather" */;
			compatibilityVersion = "Xcode 8.0";
			developmentRegion = en;
			hasScannedForEncodings = 0;
			knownRegions = (
				en,
				Base,
			);
			mainGroup = 2F8D4FE620C0F66800F03EA5;
			productRefGroup = 2F8D4FF020C0F66800F03EA5 /* Products */;
			projectDirPath = "";
			projectRoot = "";
			targets = (
				2F8D4FEE20C0F66800F03EA5 /* AppWeather */,
			);
		};
/* End PBXProject section */

/* Begin PBXResourcesBuildPhase section */
		2F8D4FED20C0F66800F03EA5 /* Resources */ = {
			isa = PBXResourcesBuildPhase;
			buildActionMask = 2147483647;
			files = (
				2F8D4FFD20C0F66800F03EA5 /* LaunchScreen.storyboard in Resources */,
				2F8D4FFA20C0F66800F03EA5 /* Assets.xcassets in Resources */,
				2F8D4FF820C0F66800F03EA5 /* Main.storyboard in Resources */,
			);
			runOnlyForDeploymentPostprocessing = 0;
		};
/* End PBXResourcesBuildPhase section */

/* Begin PBXSourcesBuildPhase section */
		2F8D4FEB20C0F66800F03EA5 /* Sources */ = {
			isa = PBXSourcesBuildPhase;
			buildActionMask = 2147483647;
			files = (
				2F8D500520C0F6CF00F03EA5 /* DataService.swift in Sources */,
				2F8D500720C1000E00F03EA5 /* Forecastday.swift in Sources */,
				2FD5BA4220C921EE0010591F /* CollectionViewCell.swift in Sources */,
				2F8D4FF520C0F66800F03EA5 /* ViewController.swift in Sources */,
				2F1ED1CF20C151B200B0BD2D /* TableViewCell.swift in Sources */,
				2F8D4FF320C0F66800F03EA5 /* AppDelegate.swift in Sources */,
				2F8D500B20C1045E00F03EA5 /* Weather.swift in Sources */,
				2FD5BA6D20C931F30010591F /* ViewController+CollectionView.swift in Sources */,
				2FD5BA6F20C931FE0010591F /* ViewController+TableView.swift in Sources */,
				2FD5BA7220C932230010591F /* UIImageView+Extentions.swift in Sources */,
				2F29B7E120CA68D00031E5A2 /* DateTime+Extensions.swift in Sources */,
				2FD5BA7420C93A520010591F /* Hour.swift in Sources */,
			);
			runOnlyForDeploymentPostprocessing = 0;
		};
/* End PBXSourcesBuildPhase section */

/* Begin PBXVariantGroup section */
		2F8D4FF620C0F66800F03EA5 /* Main.storyboard */ = {
			isa = PBXVariantGroup;
			children = (
				2F8D4FF720C0F66800F03EA5 /* Base */,
			);
			name = Main.storyboard;
			sourceTree = "<group>";
		};
		2F8D4FFB20C0F66800F03EA5 /* LaunchScreen.storyboard */ = {
			isa = PBXVariantGroup;
			children = (
				2F8D4FFC20C0F66800F03EA5 /* Base */,
			);
			name = LaunchScreen.storyboard;
			sourceTree = "<group>";
		};
/* End PBXVariantGroup section */

/* Begin XCBuildConfiguration section */
		2F8D4FFF20C0F66800F03EA5 /* Debug */ = {
			isa = XCBuildConfiguration;
			buildSettings = {
				ALWAYS_SEARCH_USER_PATHS = NO;
				CLANG_ANALYZER_NONNULL = YES;
				CLANG_ANALYZER_NUMBER_OBJECT_CONVERSION = YES_AGGRESSIVE;
				CLANG_CXX_LANGUAGE_STANDARD = "gnu++14";
				CLANG_CXX_LIBRARY = "libc++";
				CLANG_ENABLE_MODULES = YES;
				CLANG_ENABLE_OBJC_ARC = YES;
				CLANG_WARN_BLOCK_CAPTURE_AUTORELEASING = YES;
				CLANG_WARN_BOOL_CONVERSION = YES;
				CLANG_WARN_COMMA = YES;
				CLANG_WARN_CONSTANT_CONVERSION = YES;
				CLANG_WARN_DIRECT_OBJC_ISA_USAGE = YES_ERROR;
				CLANG_WARN_DOCUMENTATION_COMMENTS = YES;
				CLANG_WARN_EMPTY_BODY = YES;
				CLANG_WARN_ENUM_CONVERSION = YES;
				CLANG_WARN_INFINITE_RECURSION = YES;
				CLANG_WARN_INT_CONVERSION = YES;
				CLANG_WARN_NON_LITERAL_NULL_CONVERSION = YES;
				CLANG_WARN_OBJC_LITERAL_CONVERSION = YES;
				CLANG_WARN_OBJC_ROOT_CLASS = YES_ERROR;
				CLANG_WARN_RANGE_LOOP_ANALYSIS = YES;
				CLANG_WARN_STRICT_PROTOTYPES = YES;
				CLANG_WARN_SUSPICIOUS_MOVE = YES;
				CLANG_WARN_UNGUARDED_AVAILABILITY = YES_AGGRESSIVE;
				CLANG_WARN_UNREACHABLE_CODE = YES;
				CLANG_WARN__DUPLICATE_METHOD_MATCH = YES;
				CODE_SIGN_IDENTITY = "iPhone Developer";
				COPY_PHASE_STRIP = NO;
				DEBUG_INFORMATION_FORMAT = dwarf;
				ENABLE_STRICT_OBJC_MSGSEND = YES;
				ENABLE_TESTABILITY = YES;
				GCC_C_LANGUAGE_STANDARD = gnu11;
				GCC_DYNAMIC_NO_PIC = NO;
				GCC_NO_COMMON_BLOCKS = YES;
				GCC_OPTIMIZATION_LEVEL = 0;
				GCC_PREPROCESSOR_DEFINITIONS = (
					"DEBUG=1",
					"$(inherited)",
				);
				GCC_WARN_64_TO_32_BIT_CONVERSION = YES;
				GCC_WARN_ABOUT_RETURN_TYPE = YES_ERROR;
				GCC_WARN_UNDECLARED_SELECTOR = YES;
				GCC_WARN_UNINITIALIZED_AUTOS = YES_AGGRESSIVE;
				GCC_WARN_UNUSED_FUNCTION = YES;
				GCC_WARN_UNUSED_VARIABLE = YES;
				IPHONEOS_DEPLOYMENT_TARGET = 11.2;
				MTL_ENABLE_DEBUG_INFO = YES;
				ONLY_ACTIVE_ARCH = YES;
				SDKROOT = iphoneos;
				SWIFT_ACTIVE_COMPILATION_CONDITIONS = DEBUG;
				SWIFT_OPTIMIZATION_LEVEL = "-Onone";
			};
			name = Debug;
		};
		2F8D500020C0F66800F03EA5 /* Release */ = {
			isa = XCBuildConfiguration;
			buildSettings = {
				ALWAYS_SEARCH_USER_PATHS = NO;
				CLANG_ANALYZER_NONNULL = YES;
				CLANG_ANALYZER_NUMBER_OBJECT_CONVERSION = YES_AGGRESSIVE;
				CLANG_CXX_LANGUAGE_STANDARD = "gnu++14";
				CLANG_CXX_LIBRARY = "libc++";
				CLANG_ENABLE_MODULES = YES;
				CLANG_ENABLE_OBJC_ARC = YES;
				CLANG_WARN_BLOCK_CAPTURE_AUTORELEASING = YES;
				CLANG_WARN_BOOL_CONVERSION = YES;
				CLANG_WARN_COMMA = YES;
				CLANG_WARN_CONSTANT_CONVERSION = YES;
				CLANG_WARN_DIRECT_OBJC_ISA_USAGE = YES_ERROR;
				CLANG_WARN_DOCUMENTATION_COMMENTS = YES;
				CLANG_WARN_EMPTY_BODY = YES;
				CLANG_WARN_ENUM_CONVERSION = YES;
				CLANG_WARN_INFINITE_RECURSION = YES;
				CLANG_WARN_INT_CONVERSION = YES;
				CLANG_WARN_NON_LITERAL_NULL_CONVERSION = YES;
				CLANG_WARN_OBJC_LITERAL_CONVERSION = YES;
				CLANG_WARN_OBJC_ROOT_CLASS = YES_ERROR;
				CLANG_WARN_RANGE_LOOP_ANALYSIS = YES;
				CLANG_WARN_STRICT_PROTOTYPES = YES;
				CLANG_WARN_SUSPICIOUS_MOVE = YES;
				CLANG_WARN_UNGUARDED_AVAILABILITY = YES_AGGRESSIVE;
				CLANG_WARN_UNREACHABLE_CODE = YES;
				CLANG_WARN__DUPLICATE_METHOD_MATCH = YES;
				CODE_SIGN_IDENTITY = "iPhone Developer";
				COPY_PHASE_STRIP = NO;
				DEBUG_INFORMATION_FORMAT = "dwarf-with-dsym";
				ENABLE_NS_ASSERTIONS = NO;
				ENABLE_STRICT_OBJC_MSGSEND = YES;
				GCC_C_LANGUAGE_STANDARD = gnu11;
				GCC_NO_COMMON_BLOCKS = YES;
				GCC_WARN_64_TO_32_BIT_CONVERSION = YES;
				GCC_WARN_ABOUT_RETURN_TYPE = YES_ERROR;
				GCC_WARN_UNDECLARED_SELECTOR = YES;
				GCC_WARN_UNINITIALIZED_AUTOS = YES_AGGRESSIVE;
				GCC_WARN_UNUSED_FUNCTION = YES;
				GCC_WARN_UNUSED_VARIABLE = YES;
				IPHONEOS_DEPLOYMENT_TARGET = 11.2;
				MTL_ENABLE_DEBUG_INFO = NO;
				SDKROOT = iphoneos;
				SWIFT_OPTIMIZATION_LEVEL = "-Owholemodule";
				VALIDATE_PRODUCT = YES;
			};
			name = Release;
		};
		2F8D500220C0F66800F03EA5 /* Debug */ = {
			isa = XCBuildConfiguration;
			buildSettings = {
				ASSETCATALOG_COMPILER_APPICON_NAME = AppIcon;
				CODE_SIGN_STYLE = Automatic;
				INFOPLIST_FILE = AppWeather/Info.plist;
				LD_RUNPATH_SEARCH_PATHS = "$(inherited) @executable_path/Frameworks";
				PRODUCT_BUNDLE_IDENTIFIER = NA.AppWeather;
				PRODUCT_NAME = "$(TARGET_NAME)";
				SWIFT_VERSION = 4.0;
				TARGETED_DEVICE_FAMILY = "1,2";
			};
			name = Debug;
		};
		2F8D500320C0F66800F03EA5 /* Release */ = {
			isa = XCBuildConfiguration;
			buildSettings = {
				ASSETCATALOG_COMPILER_APPICON_NAME = AppIcon;
				CODE_SIGN_STYLE = Automatic;
				INFOPLIST_FILE = AppWeather/Info.plist;
				LD_RUNPATH_SEARCH_PATHS = "$(inherited) @executable_path/Frameworks";
				PRODUCT_BUNDLE_IDENTIFIER = NA.AppWeather;
				PRODUCT_NAME = "$(TARGET_NAME)";
				SWIFT_VERSION = 4.0;
				TARGETED_DEVICE_FAMILY = "1,2";
			};
			name = Release;
		};
/* End XCBuildConfiguration section */

/* Begin XCConfigurationList section */
		2F8D4FEA20C0F66800F03EA5 /* Build configuration list for PBXProject "AppWeather" */ = {
			isa = XCConfigurationList;
			buildConfigurations = (
				2F8D4FFF20C0F66800F03EA5 /* Debug */,
				2F8D500020C0F66800F03EA5 /* Release */,
			);
			defaultConfigurationIsVisible = 0;
			defaultConfigurationName = Release;
		};
		2F8D500120C0F66800F03EA5 /* Build configuration list for PBXNativeTarget "AppWeather" */ = {
			isa = XCConfigurationList;
			buildConfigurations = (
				2F8D500220C0F66800F03EA5 /* Debug */,
				2F8D500320C0F66800F03EA5 /* Release */,
			);
			defaultConfigurationIsVisible = 0;
			defaultConfigurationName = Release;
		};
/* End XCConfigurationList section */
	};
	rootObject = 2F8D4FE720C0F66800F03EA5 /* Project object */;
}
